
Microsoft Visual Studio Solution File, Format Version 12.00
# Visual Studio Version 17
VisualStudioVersion = 17.7.34202.233
MinimumVisualStudioVersion = 10.0.40219.1
Project("{9A19103F-16F7-4668-BE54-9A1E7A4F7556}") = "25_NguyenHongSon_Q1", "25_NguyenHongSon_Q1\25_NguyenHongSon_Q1.csproj", "{4F63D633-FE4C-4B42-91EA-7BEC020AC32E}"
EndProject
Project("{9A19103F-16F7-4668-BE54-9A1E7A4F7556}") = "25_NguyenHongSon_Q2", "25_NguyenHongSon_Q2\25_NguyenHongSon_Q2.csproj", "{2C163DB7-15B5-459C-8680-3347B9D09D15}"
EndProject
Project("{FAE04EC0-301F-11D3-BF4B-00C04F79EFBC}") = "Server", "Server\Server.csproj", "{E30779FF-75AC-4178-81E5-B9C236D99EC3}"
EndProject
Global
	GlobalSection(SolutionConfigurationPlatforms) = preSolution
		Debug|Any CPU = Debug|Any CPU
		Release|Any CPU = Release|Any CPU
	EndGlobalSection
	GlobalSection(ProjectConfigurationPlatforms) = postSolution
		{4F63D633-FE4C-4B42-91EA-7BEC020AC32E}.Debug|Any CPU.ActiveCfg = Debug|Any CPU
		{4F63D633-FE4C-4B42-91EA-7BEC020AC32E}.Debug|Any CPU.Build.0 = Debug|Any CPU
		{4F63D633-FE4C-4B42-91EA-7BEC020AC32E}.Release|Any CPU.ActiveCfg = Release|Any CPU
		{4F63D633-FE4C-4B42-91EA-7BEC020AC32E}.Release|Any CPU.Build.0 = Release|Any CPU
		{2C163DB7-15B5-459C-8680-3347B9D09D15}.Debug|Any CPU.ActiveCfg = Debug|Any CPU
		{2C163DB7-15B5-459C-8680-3347B9D09D15}.Debug|Any CPU.Build.0 = Debug|Any CPU
		{2C163DB7-15B5-459C-8680-3347B9D09D15}.Release|Any CPU.ActiveCfg = Release|Any CPU
		{2C163DB7-15B5-459C-8680-3347B9D09D15}.Release|Any CPU.Build.0 = Release|Any CPU
		{E30779FF-75AC-4178-81E5-B9C236D99EC3}.Debug|Any CPU.ActiveCfg = Debug|Any CPU
		{E30779FF-75AC-4178-81E5-B9C236D99EC3}.Debug|Any CPU.Build.0 = Debug|Any CPU
		{E30779FF-75AC-4178-81E5-B9C236D99EC3}.Release|Any CPU.ActiveCfg = Release|Any CPU
		{E30779FF-75AC-4178-81E5-B9C236D99EC3}.Release|Any CPU.Build.0 = Release|Any CPU
	EndGlobalSection
	GlobalSection(SolutionProperties) = preSolution
		HideSolutionNode = FALSE
	EndGlobalSection
	GlobalSection(ExtensibilityGlobals) = postSolution
		SolutionGuid = {97A64554-532D-4EAD-8F9A-3D1D3AB4C687}
	EndGlobalSection
EndGlobal
